
Microsoft Visual Studio Solution File, Format Version 12.00
# Visual Studio Version 17
VisualStudioVersion = 17.9.34728.123
MinimumVisualStudioVersion = 10.0.40219.1
Project("{FAE04EC0-301F-11D3-BF4B-00C04F79EFBC}") = "EMPControl", "EMPControl\EMPControl.csproj", "{9CE9CE7D-2880-4DC2-93A1-1D6D9D792693}"
EndProject
Global
	GlobalSection(SolutionConfigurationPlatforms) = preSolution
		Debug|Any CPU = Debug|Any CPU
		Release|Any CPU = Release|Any CPU
	EndGlobalSection
	GlobalSection(ProjectConfigurationPlatforms) = postSolution
		{9CE9CE7D-2880-4DC2-93A1-1D6D9D792693}.Debug|Any CPU.ActiveCfg = Debug|Any CPU
		{9CE9CE7D-2880-4DC2-93A1-1D6D9D792693}.Debug|Any CPU.Build.0 = Debug|Any CPU
		{9CE9CE7D-2880-4DC2-93A1-1D6D9D792693}.Release|Any CPU.ActiveCfg = Release|Any CPU
		{9CE9CE7D-2880-4DC2-93A1-1D6D9D792693}.Release|Any CPU.Build.0 = Release|Any CPU
	EndGlobalSection
	GlobalSection(SolutionProperties) = preSolution
		HideSolutionNode = FALSE
	EndGlobalSection
	GlobalSection(ExtensibilityGlobals) = postSolution
		SolutionGuid = {235701E5-9282-455C-AE76-666C9DC8D450}
	EndGlobalSection
EndGlobal
